// !$*UTF8*$!
{
	archiveVersion = 1;
	classes = {
	};
	objectVersion = 56;
	objects = {

/* Begin PBXBuildFile section */
		117415112BDD4EFF00AFED36 /* GoogleSignIn in Frameworks */ = {isa = PBXBuildFile; productRef = 117415102BDD4EFF00AFED36 /* GoogleSignIn */; };
		117415132BDD4EFF00AFED36 /* GoogleSignInSwift in Frameworks */ = {isa = PBXBuildFile; productRef = 117415122BDD4EFF00AFED36 /* GoogleSignInSwift */; };
		117415162BDD4F0F00AFED36 /* Factory in Frameworks */ = {isa = PBXBuildFile; productRef = 117415152BDD4F0F00AFED36 /* Factory */; };
		117415192BDD4FCF00AFED36 /* FirebaseAuth in Frameworks */ = {isa = PBXBuildFile; productRef = 117415182BDD4FCF00AFED36 /* FirebaseAuth */; };
		1174151B2BDD4FCF00AFED36 /* FirebaseFirestore in Frameworks */ = {isa = PBXBuildFile; productRef = 1174151A2BDD4FCF00AFED36 /* FirebaseFirestore */; };
		1174151D2BDD4FCF00AFED36 /* FirebaseFirestoreSwift in Frameworks */ = {isa = PBXBuildFile; productRef = 1174151C2BDD4FCF00AFED36 /* FirebaseFirestoreSwift */; };
		1174151F2BDD4FCF00AFED36 /* FirebaseStorage in Frameworks */ = {isa = PBXBuildFile; productRef = 1174151E2BDD4FCF00AFED36 /* FirebaseStorage */; };
		117415272BDD50E300AFED36 /* AuthService.swift in Sources */ = {isa = PBXBuildFile; fileRef = 117415262BDD50E300AFED36 /* AuthService.swift */; };
		117415292BDD512200AFED36 /* SingINGoogleHelper.swift in Sources */ = {isa = PBXBuildFile; fileRef = 117415282BDD512200AFED36 /* SingINGoogleHelper.swift */; };
		1174152B2BDD514F00AFED36 /* LoginView.swift in Sources */ = {isa = PBXBuildFile; fileRef = 1174152A2BDD514F00AFED36 /* LoginView.swift */; };
		1174152D2BDD517B00AFED36 /* RegistrationView.swift in Sources */ = {isa = PBXBuildFile; fileRef = 1174152C2BDD517B00AFED36 /* RegistrationView.swift */; };
		1174152F2BDD51A700AFED36 /* RegistrationViewModel.swift in Sources */ = {isa = PBXBuildFile; fileRef = 1174152E2BDD51A700AFED36 /* RegistrationViewModel.swift */; };
		117415312BDD51C100AFED36 /* LoginViewModel.swift in Sources */ = {isa = PBXBuildFile; fileRef = 117415302BDD51C100AFED36 /* LoginViewModel.swift */; };
		117415372BDD522D00AFED36 /* ContentViewModel.swift in Sources */ = {isa = PBXBuildFile; fileRef = 117415362BDD522D00AFED36 /* ContentViewModel.swift */; };
		117415392BDD524900AFED36 /* Container.swift in Sources */ = {isa = PBXBuildFile; fileRef = 117415382BDD524900AFED36 /* Container.swift */; };
		1174153D2BDD52CA00AFED36 /* Utilites.swift in Sources */ = {isa = PBXBuildFile; fileRef = 1174153C2BDD52CA00AFED36 /* Utilites.swift */; };
		1174153F2BDD52F700AFED36 /* UserService.swift in Sources */ = {isa = PBXBuildFile; fileRef = 1174153E2BDD52F700AFED36 /* UserService.swift */; };
		117415442BDD537A00AFED36 /* User.swift in Sources */ = {isa = PBXBuildFile; fileRef = 117415432BDD537A00AFED36 /* User.swift */; };
		117415472BDD53E900AFED36 /* TextFieldModifier.swift in Sources */ = {isa = PBXBuildFile; fileRef = 117415462BDD53E900AFED36 /* TextFieldModifier.swift */; };
		1174154A2BDD546700AFED36 /* MainView.swift in Sources */ = {isa = PBXBuildFile; fileRef = 117415492BDD546700AFED36 /* MainView.swift */; };
		1174154F2BDD54D500AFED36 /* GoogleService-Info.plist in Resources */ = {isa = PBXBuildFile; fileRef = 1174154E2BDD54D500AFED36 /* GoogleService-Info.plist */; };
		118623502BDECC9300DA0500 /* MyAlert.swift in Sources */ = {isa = PBXBuildFile; fileRef = 1186234F2BDECC9300DA0500 /* MyAlert.swift */; };
		118855352BDD394C000D36FD /* PhotoEditorApp.swift in Sources */ = {isa = PBXBuildFile; fileRef = 118855342BDD394C000D36FD /* PhotoEditorApp.swift */; };
		118855372BDD394C000D36FD /* ContentView.swift in Sources */ = {isa = PBXBuildFile; fileRef = 118855362BDD394C000D36FD /* ContentView.swift */; };
		118855392BDD394E000D36FD /* Assets.xcassets in Resources */ = {isa = PBXBuildFile; fileRef = 118855382BDD394E000D36FD /* Assets.xcassets */; };
		1188553C2BDD394E000D36FD /* Preview Assets.xcassets in Resources */ = {isa = PBXBuildFile; fileRef = 1188553B2BDD394E000D36FD /* Preview Assets.xcassets */; };
		11D6D92C2BDE7A57002538D5 /* MainViewModel.swift in Sources */ = {isa = PBXBuildFile; fileRef = 11D6D92B2BDE7A57002538D5 /* MainViewModel.swift */; };
		11D6D92E2BDE7CEC002538D5 /* DrawingScreenView.swift in Sources */ = {isa = PBXBuildFile; fileRef = 11D6D92D2BDE7CEC002538D5 /* DrawingScreenView.swift */; };
		11D6D9302BDE8D5E002538D5 /* ImagePicker.swift in Sources */ = {isa = PBXBuildFile; fileRef = 11D6D92F2BDE8D5E002538D5 /* ImagePicker.swift */; };
		11D6D9342BDEA775002538D5 /* CanvasView.swift in Sources */ = {isa = PBXBuildFile; fileRef = 11D6D9332BDEA775002538D5 /* CanvasView.swift */; };
		11D6D9362BDEAA3B002538D5 /* TextBox.swift in Sources */ = {isa = PBXBuildFile; fileRef = 11D6D9352BDEAA3B002538D5 /* TextBox.swift */; };
/* End PBXBuildFile section */

/* Begin PBXFileReference section */
		117415262BDD50E300AFED36 /* AuthService.swift */ = {isa = PBXFileReference; lastKnownFileType = sourcecode.swift; path = AuthService.swift; sourceTree = "<group>"; };
		117415282BDD512200AFED36 /* SingINGoogleHelper.swift */ = {isa = PBXFileReference; lastKnownFileType = sourcecode.swift; path = SingINGoogleHelper.swift; sourceTree = "<group>"; };
		1174152A2BDD514F00AFED36 /* LoginView.swift */ = {isa = PBXFileReference; lastKnownFileType = sourcecode.swift; path = LoginView.swift; sourceTree = "<group>"; };
		1174152C2BDD517B00AFED36 /* RegistrationView.swift */ = {isa = PBXFileReference; lastKnownFileType = sourcecode.swift; path = RegistrationView.swift; sourceTree = "<group>"; };
		1174152E2BDD51A700AFED36 /* RegistrationViewModel.swift */ = {isa = PBXFileReference; lastKnownFileType = sourcecode.swift; path = RegistrationViewModel.swift; sourceTree = "<group>"; };
		117415302BDD51C100AFED36 /* LoginViewModel.swift */ = {isa = PBXFileReference; lastKnownFileType = sourcecode.swift; path = LoginViewModel.swift; sourceTree = "<group>"; };
		117415362BDD522D00AFED36 /* ContentViewModel.swift */ = {isa = PBXFileReference; lastKnownFileType = sourcecode.swift; path = ContentViewModel.swift; sourceTree = "<group>"; };
		117415382BDD524900AFED36 /* Container.swift */ = {isa = PBXFileReference; lastKnownFileType = sourcecode.swift; path = Container.swift; sourceTree = "<group>"; };
		1174153C2BDD52CA00AFED36 /* Utilites.swift */ = {isa = PBXFileReference; lastKnownFileType = sourcecode.swift; path = Utilites.swift; sourceTree = "<group>"; };
		1174153E2BDD52F700AFED36 /* UserService.swift */ = {isa = PBXFileReference; lastKnownFileType = sourcecode.swift; path = UserService.swift; sourceTree = "<group>"; };
		117415432BDD537A00AFED36 /* User.swift */ = {isa = PBXFileReference; lastKnownFileType = sourcecode.swift; path = User.swift; sourceTree = "<group>"; };
		117415462BDD53E900AFED36 /* TextFieldModifier.swift */ = {isa = PBXFileReference; lastKnownFileType = sourcecode.swift; path = TextFieldModifier.swift; sourceTree = "<group>"; };
		117415492BDD546700AFED36 /* MainView.swift */ = {isa = PBXFileReference; lastKnownFileType = sourcecode.swift; path = MainView.swift; sourceTree = "<group>"; };
		1174154D2BDD54BC00AFED36 /* Info.plist */ = {isa = PBXFileReference; lastKnownFileType = text.plist.xml; path = Info.plist; sourceTree = "<group>"; };
		1174154E2BDD54D500AFED36 /* GoogleService-Info.plist */ = {isa = PBXFileReference; fileEncoding = 4; lastKnownFileType = text.plist.xml; path = "GoogleService-Info.plist"; sourceTree = "<group>"; };
		1186234F2BDECC9300DA0500 /* MyAlert.swift */ = {isa = PBXFileReference; lastKnownFileType = sourcecode.swift; path = MyAlert.swift; sourceTree = "<group>"; };
		118855312BDD394C000D36FD /* PhotoEditor.app */ = {isa = PBXFileReference; explicitFileType = wrapper.application; includeInIndex = 0; path = PhotoEditor.app; sourceTree = BUILT_PRODUCTS_DIR; };
		118855342BDD394C000D36FD /* PhotoEditorApp.swift */ = {isa = PBXFileReference; lastKnownFileType = sourcecode.swift; path = PhotoEditorApp.swift; sourceTree = "<group>"; };
		118855362BDD394C000D36FD /* ContentView.swift */ = {isa = PBXFileReference; lastKnownFileType = sourcecode.swift; path = ContentView.swift; sourceTree = "<group>"; };
		118855382BDD394E000D36FD /* Assets.xcassets */ = {isa = PBXFileReference; lastKnownFileType = folder.assetcatalog; path = Assets.xcassets; sourceTree = "<group>"; };
		1188553B2BDD394E000D36FD /* Preview Assets.xcassets */ = {isa = PBXFileReference; lastKnownFileType = folder.assetcatalog; path = "Preview Assets.xcassets"; sourceTree = "<group>"; };
		11D6D92B2BDE7A57002538D5 /* MainViewModel.swift */ = {isa = PBXFileReference; lastKnownFileType = sourcecode.swift; path = MainViewModel.swift; sourceTree = "<group>"; };
		11D6D92D2BDE7CEC002538D5 /* DrawingScreenView.swift */ = {isa = PBXFileReference; lastKnownFileType = sourcecode.swift; path = DrawingScreenView.swift; sourceTree = "<group>"; };
		11D6D92F2BDE8D5E002538D5 /* ImagePicker.swift */ = {isa = PBXFileReference; lastKnownFileType = sourcecode.swift; path = ImagePicker.swift; sourceTree = "<group>"; };
		11D6D9332BDEA775002538D5 /* CanvasView.swift */ = {isa = PBXFileReference; lastKnownFileType = sourcecode.swift; path = CanvasView.swift; sourceTree = "<group>"; };
		11D6D9352BDEAA3B002538D5 /* TextBox.swift */ = {isa = PBXFileReference; lastKnownFileType = sourcecode.swift; path = TextBox.swift; sourceTree = "<group>"; };
/* End PBXFileReference section */

/* Begin PBXFrameworksBuildPhase section */
		1188552E2BDD394C000D36FD /* Frameworks */ = {
			isa = PBXFrameworksBuildPhase;
			buildActionMask = 2147483647;
			files = (
				117415162BDD4F0F00AFED36 /* Factory in Frameworks */,
				117415112BDD4EFF00AFED36 /* GoogleSignIn in Frameworks */,
				117415132BDD4EFF00AFED36 /* GoogleSignInSwift in Frameworks */,
				1174151B2BDD4FCF00AFED36 /* FirebaseFirestore in Frameworks */,
				1174151F2BDD4FCF00AFED36 /* FirebaseStorage in Frameworks */,
				117415192BDD4FCF00AFED36 /* FirebaseAuth in Frameworks */,
				1174151D2BDD4FCF00AFED36 /* FirebaseFirestoreSwift in Frameworks */,
			);
			runOnlyForDeploymentPostprocessing = 0;
		};
/* End PBXFrameworksBuildPhase section */

/* Begin PBXGroup section */
		1174150C2BDD4E0A00AFED36 /* App */ = {
			isa = PBXGroup;
			children = (
				118855342BDD394C000D36FD /* PhotoEditorApp.swift */,
			);
			path = App;
			sourceTree = "<group>";
		};
		1174150D2BDD4E1C00AFED36 /* Core */ = {
			isa = PBXGroup;
			children = (
				117415212BDD506F00AFED36 /* Authentication */,
				117415482BDD545300AFED36 /* Main */,
				117415202BDD506100AFED36 /* Root */,
			);
			name = Core;
			path = App/Core;
			sourceTree = "<group>";
		};
		1174150E2BDD4EEA00AFED36 /* Extensions */ = {
			isa = PBXGroup;
			children = (
				117415382BDD524900AFED36 /* Container.swift */,
			);
			path = Extensions;
			sourceTree = "<group>";
		};
		117415202BDD506100AFED36 /* Root */ = {
			isa = PBXGroup;
			children = (
				117415332BDD51F800AFED36 /* View */,
				117415322BDD51EF00AFED36 /* ViewModel */,
			);
			path = Root;
			sourceTree = "<group>";
		};
		117415212BDD506F00AFED36 /* Authentication */ = {
			isa = PBXGroup;
			children = (
				117415222BDD508200AFED36 /* Helpers */,
				117415232BDD50A000AFED36 /* Service */,
				117415252BDD50AF00AFED36 /* View */,
				117415242BDD50A400AFED36 /* ViewModel */,
			);
			path = Authentication;
			sourceTree = "<group>";
		};
		117415222BDD508200AFED36 /* Helpers */ = {
			isa = PBXGroup;
			children = (
				117415282BDD512200AFED36 /* SingINGoogleHelper.swift */,
			);
			path = Helpers;
			sourceTree = "<group>";
		};
		117415232BDD50A000AFED36 /* Service */ = {
			isa = PBXGroup;
			children = (
				117415262BDD50E300AFED36 /* AuthService.swift */,
			);
			path = Service;
			sourceTree = "<group>";
		};
		117415242BDD50A400AFED36 /* ViewModel */ = {
			isa = PBXGroup;
			children = (
				117415302BDD51C100AFED36 /* LoginViewModel.swift */,
				1174152E2BDD51A700AFED36 /* RegistrationViewModel.swift */,
			);
			path = ViewModel;
			sourceTree = "<group>";
		};
		117415252BDD50AF00AFED36 /* View */ = {
			isa = PBXGroup;
			children = (
				1174152A2BDD514F00AFED36 /* LoginView.swift */,
				1174152C2BDD517B00AFED36 /* RegistrationView.swift */,
			);
			path = View;
			sourceTree = "<group>";
		};
		117415322BDD51EF00AFED36 /* ViewModel */ = {
			isa = PBXGroup;
			children = (
				117415362BDD522D00AFED36 /* ContentViewModel.swift */,
			);
			path = ViewModel;
			sourceTree = "<group>";
		};
		117415332BDD51F800AFED36 /* View */ = {
			isa = PBXGroup;
			children = (
				118855362BDD394C000D36FD /* ContentView.swift */,
			);
			path = View;
			sourceTree = "<group>";
		};
		1174153A2BDD527300AFED36 /* Services */ = {
			isa = PBXGroup;
			children = (
				1174153E2BDD52F700AFED36 /* UserService.swift */,
			);
			path = Services;
			sourceTree = "<group>";
		};
		1174153B2BDD52A700AFED36 /* Utils */ = {
			isa = PBXGroup;
			children = (
				117415452BDD53CE00AFED36 /* ViewModifiers */,
				1174153C2BDD52CA00AFED36 /* Utilites.swift */,
				11D6D92F2BDE8D5E002538D5 /* ImagePicker.swift */,
			);
			path = Utils;
			sourceTree = "<group>";
		};
		117415422BDD535300AFED36 /* Model */ = {
			isa = PBXGroup;
			children = (
				117415432BDD537A00AFED36 /* User.swift */,
				11D6D9352BDEAA3B002538D5 /* TextBox.swift */,
				1186234F2BDECC9300DA0500 /* MyAlert.swift */,
			);
			path = Model;
			sourceTree = "<group>";
		};
		117415452BDD53CE00AFED36 /* ViewModifiers */ = {
			isa = PBXGroup;
			children = (
				117415462BDD53E900AFED36 /* TextFieldModifier.swift */,
			);
			path = ViewModifiers;
			sourceTree = "<group>";
		};
		117415482BDD545300AFED36 /* Main */ = {
			isa = PBXGroup;
			children = (
				1174154C2BDD547800AFED36 /* View */,
				1174154B2BDD547300AFED36 /* ViewModel */,
			);
			path = Main;
			sourceTree = "<group>";
		};
		1174154B2BDD547300AFED36 /* ViewModel */ = {
			isa = PBXGroup;
			children = (
				11D6D92B2BDE7A57002538D5 /* MainViewModel.swift */,
			);
			path = ViewModel;
			sourceTree = "<group>";
		};
		1174154C2BDD547800AFED36 /* View */ = {
			isa = PBXGroup;
			children = (
				117415492BDD546700AFED36 /* MainView.swift */,
				11D6D92D2BDE7CEC002538D5 /* DrawingScreenView.swift */,
				11D6D9332BDEA775002538D5 /* CanvasView.swift */,
			);
			path = View;
			sourceTree = "<group>";
		};
		118855282BDD394C000D36FD = {
			isa = PBXGroup;
			children = (
				118855332BDD394C000D36FD /* PhotoEditor */,
				118855322BDD394C000D36FD /* Products */,
			);
			sourceTree = "<group>";
		};
		118855322BDD394C000D36FD /* Products */ = {
			isa = PBXGroup;
			children = (
				118855312BDD394C000D36FD /* PhotoEditor.app */,
			);
			name = Products;
			sourceTree = "<group>";
		};
		118855332BDD394C000D36FD /* PhotoEditor */ = {
			isa = PBXGroup;
			children = (
				1174150C2BDD4E0A00AFED36 /* App */,
				1174150D2BDD4E1C00AFED36 /* Core */,
				117415422BDD535300AFED36 /* Model */,
				1174150E2BDD4EEA00AFED36 /* Extensions */,
				1174153A2BDD527300AFED36 /* Services */,
				1174153B2BDD52A700AFED36 /* Utils */,
				118855382BDD394E000D36FD /* Assets.xcassets */,
				1174154D2BDD54BC00AFED36 /* Info.plist */,
				1174154E2BDD54D500AFED36 /* GoogleService-Info.plist */,
				1188553A2BDD394E000D36FD /* Preview Content */,
			);
			path = PhotoEditor;
			sourceTree = "<group>";
		};
		1188553A2BDD394E000D36FD /* Preview Content */ = {
			isa = PBXGroup;
			children = (
				1188553B2BDD394E000D36FD /* Preview Assets.xcassets */,
			);
			path = "Preview Content";
			sourceTree = "<group>";
		};
/* End PBXGroup section */

/* Begin PBXNativeTarget section */
		118855302BDD394C000D36FD /* PhotoEditor */ = {
			isa = PBXNativeTarget;
			buildConfigurationList = 1188553F2BDD394E000D36FD /* Build configuration list for PBXNativeTarget "PhotoEditor" */;
			buildPhases = (
				1188552D2BDD394C000D36FD /* Sources */,
				1188552E2BDD394C000D36FD /* Frameworks */,
				1188552F2BDD394C000D36FD /* Resources */,
			);
			buildRules = (
			);
			dependencies = (
			);
			name = PhotoEditor;
			packageProductDependencies = (
				117415102BDD4EFF00AFED36 /* GoogleSignIn */,
				117415122BDD4EFF00AFED36 /* GoogleSignInSwift */,
				117415152BDD4F0F00AFED36 /* Factory */,
				117415182BDD4FCF00AFED36 /* FirebaseAuth */,
				1174151A2BDD4FCF00AFED36 /* FirebaseFirestore */,
				1174151C2BDD4FCF00AFED36 /* FirebaseFirestoreSwift */,
				1174151E2BDD4FCF00AFED36 /* FirebaseStorage */,
			);
			productName = PhotoEditor;
			productReference = 118855312BDD394C000D36FD /* PhotoEditor.app */;
			productType = "com.apple.product-type.application";
		};
/* End PBXNativeTarget section */

/* Begin PBXProject section */
		118855292BDD394C000D36FD /* Project object */ = {
			isa = PBXProject;
			attributes = {
				BuildIndependentTargetsInParallel = 1;
				LastSwiftUpdateCheck = 1530;
				LastUpgradeCheck = 1530;
				TargetAttributes = {
					118855302BDD394C000D36FD = {
						CreatedOnToolsVersion = 15.3;
					};
				};
			};
			buildConfigurationList = 1188552C2BDD394C000D36FD /* Build configuration list for PBXProject "PhotoEditor" */;
			compatibilityVersion = "Xcode 14.0";
			developmentRegion = en;
			hasScannedForEncodings = 0;
			knownRegions = (
				en,
				Base,
			);
			mainGroup = 118855282BDD394C000D36FD;
			packageReferences = (
				1174150F2BDD4EFF00AFED36 /* XCRemoteSwiftPackageReference "GoogleSignIn-iOS" */,
				117415142BDD4F0F00AFED36 /* XCRemoteSwiftPackageReference "Factory" */,
				117415172BDD4FCE00AFED36 /* XCRemoteSwiftPackageReference "firebase-ios-sdk" */,
			);
			productRefGroup = 118855322BDD394C000D36FD /* Products */;
			projectDirPath = "";
			projectRoot = "";
			targets = (
				118855302BDD394C000D36FD /* PhotoEditor */,
			);
		};
/* End PBXProject section */

/* Begin PBXResourcesBuildPhase section */
		1188552F2BDD394C000D36FD /* Resources */ = {
			isa = PBXResourcesBuildPhase;
			buildActionMask = 2147483647;
			files = (
				1188553C2BDD394E000D36FD /* Preview Assets.xcassets in Resources */,
				118855392BDD394E000D36FD /* Assets.xcassets in Resources */,
				1174154F2BDD54D500AFED36 /* GoogleService-Info.plist in Resources */,
			);
			runOnlyForDeploymentPostprocessing = 0;
		};
/* End PBXResourcesBuildPhase section */

/* Begin PBXSourcesBuildPhase section */
		1188552D2BDD394C000D36FD /* Sources */ = {
			isa = PBXSourcesBuildPhase;
			buildActionMask = 2147483647;
			files = (
				117415292BDD512200AFED36 /* SingINGoogleHelper.swift in Sources */,
				117415272BDD50E300AFED36 /* AuthService.swift in Sources */,
				118855372BDD394C000D36FD /* ContentView.swift in Sources */,
				11D6D92E2BDE7CEC002538D5 /* DrawingScreenView.swift in Sources */,
				1174152F2BDD51A700AFED36 /* RegistrationViewModel.swift in Sources */,
				1174153D2BDD52CA00AFED36 /* Utilites.swift in Sources */,
				118623502BDECC9300DA0500 /* MyAlert.swift in Sources */,
				11D6D9342BDEA775002538D5 /* CanvasView.swift in Sources */,
				11D6D9302BDE8D5E002538D5 /* ImagePicker.swift in Sources */,
				117415442BDD537A00AFED36 /* User.swift in Sources */,
				117415312BDD51C100AFED36 /* LoginViewModel.swift in Sources */,
				11D6D92C2BDE7A57002538D5 /* MainViewModel.swift in Sources */,
				117415372BDD522D00AFED36 /* ContentViewModel.swift in Sources */,
				1174154A2BDD546700AFED36 /* MainView.swift in Sources */,
				1174152D2BDD517B00AFED36 /* RegistrationView.swift in Sources */,
				1174153F2BDD52F700AFED36 /* UserService.swift in Sources */,
				117415392BDD524900AFED36 /* Container.swift in Sources */,
				117415472BDD53E900AFED36 /* TextFieldModifier.swift in Sources */,
				1174152B2BDD514F00AFED36 /* LoginView.swift in Sources */,
				11D6D9362BDEAA3B002538D5 /* TextBox.swift in Sources */,
				118855352BDD394C000D36FD /* PhotoEditorApp.swift in Sources */,
			);
			runOnlyForDeploymentPostprocessing = 0;
		};
/* End PBXSourcesBuildPhase section */

/* Begin XCBuildConfiguration section */
		1188553D2BDD394E000D36FD /* Debug */ = {
			isa = XCBuildConfiguration;
			buildSettings = {
				ALWAYS_SEARCH_USER_PATHS = NO;
				ASSETCATALOG_COMPILER_GENERATE_SWIFT_ASSET_SYMBOL_EXTENSIONS = YES;
				CLANG_ANALYZER_NONNULL = YES;
				CLANG_ANALYZER_NUMBER_OBJECT_CONVERSION = YES_AGGRESSIVE;
				CLANG_CXX_LANGUAGE_STANDARD = "gnu++20";
				CLANG_ENABLE_MODULES = YES;
				CLANG_ENABLE_OBJC_ARC = YES;
				CLANG_ENABLE_OBJC_WEAK = YES;
				CLANG_WARN_BLOCK_CAPTURE_AUTORELEASING = YES;
				CLANG_WARN_BOOL_CONVERSION = YES;
				CLANG_WARN_COMMA = YES;
				CLANG_WARN_CONSTANT_CONVERSION = YES;
				CLANG_WARN_DEPRECATED_OBJC_IMPLEMENTATIONS = YES;
				CLANG_WARN_DIRECT_OBJC_ISA_USAGE = YES_ERROR;
				CLANG_WARN_DOCUMENTATION_COMMENTS = YES;
				CLANG_WARN_EMPTY_BODY = YES;
				CLANG_WARN_ENUM_CONVERSION = YES;
				CLANG_WARN_INFINITE_RECURSION = YES;
				CLANG_WARN_INT_CONVERSION = YES;
				CLANG_WARN_NON_LITERAL_NULL_CONVERSION = YES;
				CLANG_WARN_OBJC_IMPLICIT_RETAIN_SELF = YES;
				CLANG_WARN_OBJC_LITERAL_CONVERSION = YES;
				CLANG_WARN_OBJC_ROOT_CLASS = YES_ERROR;
				CLANG_WARN_QUOTED_INCLUDE_IN_FRAMEWORK_HEADER = YES;
				CLANG_WARN_RANGE_LOOP_ANALYSIS = YES;
				CLANG_WARN_STRICT_PROTOTYPES = YES;
				CLANG_WARN_SUSPICIOUS_MOVE = YES;
				CLANG_WARN_UNGUARDED_AVAILABILITY = YES_AGGRESSIVE;
				CLANG_WARN_UNREACHABLE_CODE = YES;
				CLANG_WARN__DUPLICATE_METHOD_MATCH = YES;
				COPY_PHASE_STRIP = NO;
				DEBUG_INFORMATION_FORMAT = dwarf;
				ENABLE_STRICT_OBJC_MSGSEND = YES;
				ENABLE_TESTABILITY = YES;
				ENABLE_USER_SCRIPT_SANDBOXING = YES;
				GCC_C_LANGUAGE_STANDARD = gnu17;
				GCC_DYNAMIC_NO_PIC = NO;
				GCC_NO_COMMON_BLOCKS = YES;
				GCC_OPTIMIZATION_LEVEL = 0;
				GCC_PREPROCESSOR_DEFINITIONS = (
					"DEBUG=1",
					"$(inherited)",
				);
				GCC_WARN_64_TO_32_BIT_CONVERSION = YES;
				GCC_WARN_ABOUT_RETURN_TYPE = YES_ERROR;
				GCC_WARN_UNDECLARED_SELECTOR = YES;
				GCC_WARN_UNINITIALIZED_AUTOS = YES_AGGRESSIVE;
				GCC_WARN_UNUSED_FUNCTION = YES;
				GCC_WARN_UNUSED_VARIABLE = YES;
				IPHONEOS_DEPLOYMENT_TARGET = 17.4;
				LOCALIZATION_PREFERS_STRING_CATALOGS = YES;
				MTL_ENABLE_DEBUG_INFO = INCLUDE_SOURCE;
				MTL_FAST_MATH = YES;
				ONLY_ACTIVE_ARCH = YES;
				SDKROOT = iphoneos;
				SWIFT_ACTIVE_COMPILATION_CONDITIONS = "DEBUG $(inherited)";
				SWIFT_OPTIMIZATION_LEVEL = "-Onone";
			};
			name = Debug;
		};
		1188553E2BDD394E000D36FD /* Release */ = {
			isa = XCBuildConfiguration;
			buildSettings = {
				ALWAYS_SEARCH_USER_PATHS = NO;
				ASSETCATALOG_COMPILER_GENERATE_SWIFT_ASSET_SYMBOL_EXTENSIONS = YES;
				CLANG_ANALYZER_NONNULL = YES;
				CLANG_ANALYZER_NUMBER_OBJECT_CONVERSION = YES_AGGRESSIVE;
				CLANG_CXX_LANGUAGE_STANDARD = "gnu++20";
				CLANG_ENABLE_MODULES = YES;
				CLANG_ENABLE_OBJC_ARC = YES;
				CLANG_ENABLE_OBJC_WEAK = YES;
				CLANG_WARN_BLOCK_CAPTURE_AUTORELEASING = YES;
				CLANG_WARN_BOOL_CONVERSION = YES;
				CLANG_WARN_COMMA = YES;
				CLANG_WARN_CONSTANT_CONVERSION = YES;
				CLANG_WARN_DEPRECATED_OBJC_IMPLEMENTATIONS = YES;
				CLANG_WARN_DIRECT_OBJC_ISA_USAGE = YES_ERROR;
				CLANG_WARN_DOCUMENTATION_COMMENTS = YES;
				CLANG_WARN_EMPTY_BODY = YES;
				CLANG_WARN_ENUM_CONVERSION = YES;
				CLANG_WARN_INFINITE_RECURSION = YES;
				CLANG_WARN_INT_CONVERSION = YES;
				CLANG_WARN_NON_LITERAL_NULL_CONVERSION = YES;
				CLANG_WARN_OBJC_IMPLICIT_RETAIN_SELF = YES;
				CLANG_WARN_OBJC_LITERAL_CONVERSION = YES;
				CLANG_WARN_OBJC_ROOT_CLASS = YES_ERROR;
				CLANG_WARN_QUOTED_INCLUDE_IN_FRAMEWORK_HEADER = YES;
				CLANG_WARN_RANGE_LOOP_ANALYSIS = YES;
				CLANG_WARN_STRICT_PROTOTYPES = YES;
				CLANG_WARN_SUSPICIOUS_MOVE = YES;
				CLANG_WARN_UNGUARDED_AVAILABILITY = YES_AGGRESSIVE;
				CLANG_WARN_UNREACHABLE_CODE = YES;
				CLANG_WARN__DUPLICATE_METHOD_MATCH = YES;
				COPY_PHASE_STRIP = NO;
				DEBUG_INFORMATION_FORMAT = "dwarf-with-dsym";
				ENABLE_NS_ASSERTIONS = NO;
				ENABLE_STRICT_OBJC_MSGSEND = YES;
				ENABLE_USER_SCRIPT_SANDBOXING = YES;
				GCC_C_LANGUAGE_STANDARD = gnu17;
				GCC_NO_COMMON_BLOCKS = YES;
				GCC_WARN_64_TO_32_BIT_CONVERSION = YES;
				GCC_WARN_ABOUT_RETURN_TYPE = YES_ERROR;
				GCC_WARN_UNDECLARED_SELECTOR = YES;
				GCC_WARN_UNINITIALIZED_AUTOS = YES_AGGRESSIVE;
				GCC_WARN_UNUSED_FUNCTION = YES;
				GCC_WARN_UNUSED_VARIABLE = YES;
				IPHONEOS_DEPLOYMENT_TARGET = 17.4;
				LOCALIZATION_PREFERS_STRING_CATALOGS = YES;
				MTL_ENABLE_DEBUG_INFO = NO;
				MTL_FAST_MATH = YES;
				SDKROOT = iphoneos;
				SWIFT_COMPILATION_MODE = wholemodule;
				VALIDATE_PRODUCT = YES;
			};
			name = Release;
		};
		118855402BDD394E000D36FD /* Debug */ = {
			isa = XCBuildConfiguration;
			buildSettings = {
				ASSETCATALOG_COMPILER_APPICON_NAME = AppIcon;
				ASSETCATALOG_COMPILER_GLOBAL_ACCENT_COLOR_NAME = AccentColor;
				CODE_SIGN_STYLE = Automatic;
				CURRENT_PROJECT_VERSION = 1;
				DEVELOPMENT_ASSET_PATHS = "\"PhotoEditor/Preview Content\"";
				DEVELOPMENT_TEAM = BDWB2X2SVM;
				ENABLE_PREVIEWS = YES;
				GENERATE_INFOPLIST_FILE = YES;
				INFOPLIST_FILE = PhotoEditor/Info.plist;
				INFOPLIST_KEY_NSPhotoLibraryUsageDescription = "Save photo in library";
				INFOPLIST_KEY_UIApplicationSceneManifest_Generation = YES;
				INFOPLIST_KEY_UIApplicationSupportsIndirectInputEvents = YES;
				INFOPLIST_KEY_UILaunchScreen_Generation = YES;
				INFOPLIST_KEY_UISupportedInterfaceOrientations = UIInterfaceOrientationPortrait;
				INFOPLIST_KEY_UISupportedInterfaceOrientations_iPad = "UIInterfaceOrientationLandscapeLeft UIInterfaceOrientationLandscapeRight UIInterfaceOrientationPortrait UIInterfaceOrientationPortraitUpsideDown";
				LD_RUNPATH_SEARCH_PATHS = (
					"$(inherited)",
					"@executable_path/Frameworks",
				);
				MARKETING_VERSION = 1.0;
				PRODUCT_BUNDLE_IDENTIFIER = Ind.PhotoEditor;
				PRODUCT_NAME = "$(TARGET_NAME)";
				SWIFT_EMIT_LOC_STRINGS = YES;
				SWIFT_VERSION = 5.0;
				TARGETED_DEVICE_FAMILY = "1,2";
			};
			name = Debug;
		};
		118855412BDD394E000D36FD /* Release */ = {
			isa = XCBuildConfiguration;
			buildSettings = {
				ASSETCATALOG_COMPILER_APPICON_NAME = AppIcon;
				ASSETCATALOG_COMPILER_GLOBAL_ACCENT_COLOR_NAME = AccentColor;
				CODE_SIGN_STYLE = Automatic;
				CURRENT_PROJECT_VERSION = 1;
				DEVELOPMENT_ASSET_PATHS = "\"PhotoEditor/Preview Content\"";
				DEVELOPMENT_TEAM = BDWB2X2SVM;
				ENABLE_PREVIEWS = YES;
				GENERATE_INFOPLIST_FILE = YES;
				INFOPLIST_FILE = PhotoEditor/Info.plist;
				INFOPLIST_KEY_NSPhotoLibraryUsageDescription = "Save photo in library";
				INFOPLIST_KEY_UIApplicationSceneManifest_Generation = YES;
				INFOPLIST_KEY_UIApplicationSupportsIndirectInputEvents = YES;
				INFOPLIST_KEY_UILaunchScreen_Generation = YES;
				INFOPLIST_KEY_UISupportedInterfaceOrientations = UIInterfaceOrientationPortrait;
				INFOPLIST_KEY_UISupportedInterfaceOrientations_iPad = "UIInterfaceOrientationLandscapeLeft UIInterfaceOrientationLandscapeRight UIInterfaceOrientationPortrait UIInterfaceOrientationPortraitUpsideDown";
				LD_RUNPATH_SEARCH_PATHS = (
					"$(inherited)",
					"@executable_path/Frameworks",
				);
				MARKETING_VERSION = 1.0;
				PRODUCT_BUNDLE_IDENTIFIER = Ind.PhotoEditor;
				PRODUCT_NAME = "$(TARGET_NAME)";
				SWIFT_EMIT_LOC_STRINGS = YES;
				SWIFT_VERSION = 5.0;
				TARGETED_DEVICE_FAMILY = "1,2";
			};
			name = Release;
		};
/* End XCBuildConfiguration section */

/* Begin XCConfigurationList section */
		1188552C2BDD394C000D36FD /* Build configuration list for PBXProject "PhotoEditor" */ = {
			isa = XCConfigurationList;
			buildConfigurations = (
				1188553D2BDD394E000D36FD /* Debug */,
				1188553E2BDD394E000D36FD /* Release */,
			);
			defaultConfigurationIsVisible = 0;
			defaultConfigurationName = Release;
		};
		1188553F2BDD394E000D36FD /* Build configuration list for PBXNativeTarget "PhotoEditor" */ = {
			isa = XCConfigurationList;
			buildConfigurations = (
				118855402BDD394E000D36FD /* Debug */,
				118855412BDD394E000D36FD /* Release */,
			);
			defaultConfigurationIsVisible = 0;
			defaultConfigurationName = Release;
		};
/* End XCConfigurationList section */

/* Begin XCRemoteSwiftPackageReference section */
		1174150F2BDD4EFF00AFED36 /* XCRemoteSwiftPackageReference "GoogleSignIn-iOS" */ = {
			isa = XCRemoteSwiftPackageReference;
			repositoryURL = "https://github.com/google/GoogleSignIn-iOS.git";
			requirement = {
				kind = upToNextMajorVersion;
				minimumVersion = 7.1.0;
			};
		};
		117415142BDD4F0F00AFED36 /* XCRemoteSwiftPackageReference "Factory" */ = {
			isa = XCRemoteSwiftPackageReference;
			repositoryURL = "https://github.com/hmlongco/Factory";
			requirement = {
				kind = upToNextMajorVersion;
				minimumVersion = 2.3.2;
			};
		};
		117415172BDD4FCE00AFED36 /* XCRemoteSwiftPackageReference "firebase-ios-sdk" */ = {
			isa = XCRemoteSwiftPackageReference;
			repositoryURL = "https://github.com/firebase/firebase-ios-sdk";
			requirement = {
				kind = upToNextMajorVersion;
				minimumVersion = 10.24.0;
			};
		};
/* End XCRemoteSwiftPackageReference section */

/* Begin XCSwiftPackageProductDependency section */
		117415102BDD4EFF00AFED36 /* GoogleSignIn */ = {
			isa = XCSwiftPackageProductDependency;
			package = 1174150F2BDD4EFF00AFED36 /* XCRemoteSwiftPackageReference "GoogleSignIn-iOS" */;
			productName = GoogleSignIn;
		};
		117415122BDD4EFF00AFED36 /* GoogleSignInSwift */ = {
			isa = XCSwiftPackageProductDependency;
			package = 1174150F2BDD4EFF00AFED36 /* XCRemoteSwiftPackageReference "GoogleSignIn-iOS" */;
			productName = GoogleSignInSwift;
		};
		117415152BDD4F0F00AFED36 /* Factory */ = {
			isa = XCSwiftPackageProductDependency;
			package = 117415142BDD4F0F00AFED36 /* XCRemoteSwiftPackageReference "Factory" */;
			productName = Factory;
		};
		117415182BDD4FCF00AFED36 /* FirebaseAuth */ = {
			isa = XCSwiftPackageProductDependency;
			package = 117415172BDD4FCE00AFED36 /* XCRemoteSwiftPackageReference "firebase-ios-sdk" */;
			productName = FirebaseAuth;
		};
		1174151A2BDD4FCF00AFED36 /* FirebaseFirestore */ = {
			isa = XCSwiftPackageProductDependency;
			package = 117415172BDD4FCE00AFED36 /* XCRemoteSwiftPackageReference "firebase-ios-sdk" */;
			productName = FirebaseFirestore;
		};
		1174151C2BDD4FCF00AFED36 /* FirebaseFirestoreSwift */ = {
			isa = XCSwiftPackageProductDependency;
			package = 117415172BDD4FCE00AFED36 /* XCRemoteSwiftPackageReference "firebase-ios-sdk" */;
			productName = FirebaseFirestoreSwift;
		};
		1174151E2BDD4FCF00AFED36 /* FirebaseStorage */ = {
			isa = XCSwiftPackageProductDependency;
			package = 117415172BDD4FCE00AFED36 /* XCRemoteSwiftPackageReference "firebase-ios-sdk" */;
			productName = FirebaseStorage;
		};
/* End XCSwiftPackageProductDependency section */
	};
	rootObject = 118855292BDD394C000D36FD /* Project object */;
}
